github.com/RaveNoX/go-jsoncommentstrip v1.0.0/go.mod h1:78ihd09MekBnJnxpICcwzCMzGrKSKYe4AqU6PDYYpjk=
github.com/RaveNoX/go-jsonmerge v1.0.0 h1:2e0nqnadoGUP8rAvcA0hkQelZreVO5X3BHomT2XMrAk=
github.com/RaveNoX/go-jsonmerge v1.0.0/go.mod h1:qYM/NA77LhO4h51JJM7Z+xBU3ovqrNIACZe+SkSNVFo=
github.com/bmatcuk/doublestar v1.1.1/go.mod h1:UD6OnuiIn0yFxxA2le/rnRU1G4RaI4UvFv1sNto9p6w=
github.com/bytedance/sonic v1.5.0/go.mod h1:ED5hyg4y6t3/9Ku1R6dU/4KyJ48DZ4jPhfY1O2AihPM=
github.com/bytedance/sonic v1.8.0 h1:ea0Xadu+sHlu7x5O3gKhRpQ1IKiMrSiHttPF0ybECuA=
github.com/bytedance/sonic v1.8.0/go.mod h1:i736AoUSYt75HyZLoJW9ERYxcy6eaN6h4BZXU064P/U=
github.com/bytedance/sonic v1.9.1 h1:6iJ6NqdoxCDr6mbY8h18oSO+cShGSMRGCEo7F2h0x8s=
github.com/bytedance/sonic v1.9.1/go.mod h1:i736AoUSYt75HyZLoJW9ERYxcy6eaN6h4BZXU064P/U=
github.com/chenzhuoyu/base64x v0.0.0-20211019084208-fb5309c8db06/go.mod h1:DH46F32mSOjUmXrMHnKwZdA8wcEefY7UVqBKYGjpdQY=
github.com/chenzhuoyu/base64x v0.0.0-20221115062448-fe3a3abad311 h1:qSGYFH7+jGhDF8vLC+iwCD4WpbV1EBDSzWkJODFLams=
github.com/chenzhuoyu/base64x v0.0.0-20221115062448-fe3a3abad311/go.mod h1:b583jCggY9gE99b6G5LEC39OIiVsWj+R97kbl5odCEk=
github.com/creack/pty v1.1.9/go.mod h1:oKZEueFk5CKHvIhNR5MUki03XCEU+Q6VDXinZuGJ33E=
github.com/davecgh/go-spew v1.1.0/go.mod h1:J7Y8YcW2NihsgmVo/mv3lAwl/skON4iLHjSsI+c5H38=
github.com/davecgh/go-spew v1.1.1 h1:vj9j/u1bqnvCEfJOwUhtlOARqs3+rkHYY13jYWTU97c=
github.com/davecgh/go-spew v1.1.1/go.mod h1:J7Y8YcW2NihsgmVo/mv3lAwl/skON4iLHjSsI+c5H38=
github.com/gabriel-vasile/mimetype v1.4.2 h1:w5qFW6JKBz9Y393Y4q372O9A7cUSequkh1Q7OhCmWKU=
github.com/gabriel-vasile/mimetype v1.4.2/go.mod h1:zApsH/mKG4w07erKIaJPFiX0Tsq9BFQgN3qGY5GnNgA=
github.com/gin-contrib/cors v1.4.0 h1:oJ6gwtUl3lqV0WEIwM/LxPF1QZ5qe2lGWdY2+bz7y0g=
github.com/gin-contrib/cors v1.4.0/go.mod h1:bs9pNM0x/UsmHPBWT2xZz9ROh8xYjYkiURUfmBoMlcs=
github.com/gin-contrib/sse v0.1.0 h1:Y/yl/+YNO8GZSjAhjMsSuLt29uWRFHdHYUb5lYOV9qE=
github.com/gin-contrib/sse v0.1.0/go.mod h1:RHrZQHXnP2xjPF+u1gW/2HnVO7nvIa9PG3Gm+fLHvGI=
github.com/gin-gonic/gin v1.8.1/go.mod h1:ji8BvRH1azfM+SYow9zQ6SZMvR8qOMZHmsCuWR9tTTk=
github.com/gin-gonic/gin v1.9.0 h1:OjyFBKICoexlu99ctXNR2gg+c5pKrKMuyjgARg9qeY8=
github.com/gin-gonic/gin v1.9.0/go.mod h1:W1Me9+hsUSyj3CePGrd1/QrKJMSJ1Tu/0hFEH89961k=
github.com/gin-gonic/gin v1.9.1 h1:4idEAncQnU5cB7BeOkPtxjfCSye0AAm1R0RVIqJ+Jmg=
github.com/gin-gonic/gin v1.9.1/go.mod h1:hPrL7YrpYKXt5YId3A/Tnip5kqbEAP+KLuI3SUcPTeU=
github.com/go-playground/assert/v2 v2.0.1/go.mod h1:VDjEfimB/XKnb+ZQfWdccd7VUvScMdVu0Titje2rxJ4=
github.com/go-playground/assert/v2 v2.2.0 h1:JvknZsQTYeFEAhQwI4qEt9cyV5ONwRHC+lYKSsYSR8s=
github.com/go-playground/locales v0.14.0/go.mod h1:sawfccIbzZTqEDETgFXqTho0QybSa7l++s0DH+LDiLs=
github.com/go-playground/locales v0.14.1 h1:EWaQ/wswjilfKLTECiXz7Rh+3BjFhfDFKv/oXslEjJA=
github.com/go-playground/locales v0.14.1/go.mod h1:hxrqLVvrK65+Rwrd5Fc6F2O76J/NuW9t0sjnWqG1slY=
github.com/go-playground/universal-translator v0.18.0/go.mod h1:UvRDBj+xPUEGrFYl+lu/H90nyDXpg0fqeB/AQUGNTVA=
github.com/go-playground/universal-translator v0.18.1 h1:Bcnm0ZwsGyWbCzImXv+pAJnYK9S473LQFuzCbDbfSFY=
github.com/go-playground/universal-translator v0.18.1/go.mod h1:xekY+UJKNuX9WP91TpwSH2VMlDf28Uj24BCp08ZFTUY=
github.com/go-playground/validator/v10 v10.10.0/go.mod h1:74x4gJWsvQexRdW8Pn3dXSGrTK4nAUsbPlLADvpJkos=
github.com/go-playground/validator/v10 v10.12.0 h1:E4gtWgxWxp8YSxExrQFv5BpCahla0PVF2oTTEYaWQGI=
github.com/go-playground/validator/v10 v10.12.0/go.mod h1:hCAPuzYvKdP33pxWa+2+6AIKXEKqjIUyqsNCtbsSJrA=
github.com/go-playground/validator/v10 v10.13.0 h1:cFRQdfaSMCOSfGCCLB20MHvuoHb/s5G8L5pu2ppK5AQ=
github.com/go-playground/validator/v10 v10.13.0/go.mod h1:dwu7+CG8/CtBiJFZDz4e+5Upb6OLw04gtBYw0mcG/z4=
github.com/go-playground/validator/v10 v10.14.0 h1:vgvQWe3XCz3gIeFDm/HnTIbj6UGmg/+t63MyGU2n5js=
github.com/go-playground/validator/v10 v10.14.0/go.mod h1:9iXMNT7sEkjXb0I+enO7QXmzG6QCsPWY4zveKFVRSyU=
github.com/go-playground/validator/v10 v10.14.1 h1:9c50NUPC30zyuKprjL3vNZ0m5oG+jU0zvx4AqHGnv4k=
github.com/go-playground/validator/v10 v10.14.1/go.mod h1:9iXMNT7sEkjXb0I+enO7QXmzG6QCsPWY4zveKFVRSyU=
github.com/go-playground/validator/v10 v10.15.0 h1:nDU5XeOKtB3GEa+uB7GNYwhVKsgjAR7VgKoNB6ryXfw=
github.com/go-playground/validator/v10 v10.15.0/go.mod h1:9iXMNT7sEkjXb0I+enO7QXmzG6QCsPWY4zveKFVRSyU=
github.com/go-playground/validator/v10 v10.15.1 h1:BSe8uhN+xQ4r5guV/ywQI4gO59C2raYcGffYWZEjZzM=
github.com/go-playground/validator/v10 v10.15.1/go.mod h1:9iXMNT7sEkjXb0I+enO7QXmzG6QCsPWY4zveKFVRSyU=
github.com/go-playground/validator/v10 v10.15.3 h1:S+sSpunYjNPDuXkWbK+x+bA7iXiW296KG4dL3X7xUZo=
github.com/go-playground/validator/v10 v10.15.3/go.mod h1:9iXMNT7sEkjXb0I+enO7QXmzG6QCsPWY4zveKFVRSyU=
github.com/goccy/go-json v0.9.7/go.mod h1:6MelG93GURQebXPDq3khkgXZkazVtN9CRI+MGFi0w8I=
github.com/goccy/go-json v0.10.0 h1:mXKd9Qw4NuzShiRlOXKews24ufknHO7gx30lsDyokKA=
github.com/goccy/go-json v0.10.0/go.mod h1:6MelG93GURQebXPDq3khkgXZkazVtN9CRI+MGFi0w8I=
github.com/goccy/go-json v0.10.2 h1:CrxCmQqYDkv1z7lO7Wbh2HN93uovUHgrECaO5ZrCXAU=
github.com/goccy/go-json v0.10.2/go.mod h1:6MelG93GURQebXPDq3khkgXZkazVtN9CRI+MGFi0w8I=
github.com/golang/protobuf v1.5.0/go.mod h1:FsONVRAS9T7sI+LIUmWTfcYkHO4aIWwzhcaSAoJOfIk=
github.com/google/go-cmp v0.5.5/go.mod h1:v8dTdLbMG2kIc/vJvl+f65V22dbkXbowE6jgT/gNBxE=
github.com/google/go-cmp v0.5.9 h1:O2Tfq5qg4qc4AmwVlvv0oLiVAGB7enBSJ2x2DqQFi38=
github.com/google/go-cmp v0.5.9/go.mod h1:17dUlkBOakJ0+DkrSSNjCkIjxS6bF9zb3elmeNGIjoY=
github.com/google/gofuzz v1.0.0/go.mod h1:dBl0BpW6vV/+mYPU4Po3pmUjxk6FQPldtuIdl/M65Eg=
github.com/incwadi-warehouse/monorepo-go/conf v0.0.0-20230408155853-d48700bb8e35 h1:ZTcH0E8wU0ogv8JJPkM3mBLZ7HMq7En8/JgmeH1JQ6M=
github.com/incwadi-warehouse/monorepo-go/conf v0.0.0-20230408155853-d48700bb8e35/go.mod h1:uED6v84j6kDVCnAWEnn9CbUwFQo61ij4IUvl11G5QyM=
github.com/incwadi-warehouse/monorepo-go/conf v0.0.0-20230408160243-92325e7c3bcb h1:yar6AxxXht3FUDnV3IpgmOQanwsHdOY/NS46oslgEkI=
github.com/incwadi-warehouse/monorepo-go/conf v0.0.0-20230408160243-92325e7c3bcb/go.mod h1:z12twvpn9MRxI5vQ9XBCm+X8h4fkFz7w+smd+p1PnYU=
github.com/incwadi-warehouse/monorepo-go/conf v0.0.0-20230414144000-b0580a8b7978 h1:Tvb2GzhN9D/brBRTl1jufdu3747YAKcG8aPefwZHofc=
github.com/incwadi-warehouse/monorepo-go/conf v0.0.0-20230414144000-b0580a8b7978/go.mod h1:z12twvpn9MRxI5vQ9XBCm+X8h4fkFz7w+smd+p1PnYU=
github.com/incwadi-warehouse/monorepo-go/conf v0.0.0-20230415192053-ec4881c86fc3 h1:uuZ9L4bgBZIS1YAG1AaLiTH2GBl5kHrD6gLG04pkq8c=
github.com/incwadi-warehouse/monorepo-go/conf v0.0.0-20230415192053-ec4881c86fc3/go.mod h1:z12twvpn9MRxI5vQ9XBCm+X8h4fkFz7w+smd+p1PnYU=
github.com/incwadi-warehouse/monorepo-go/conf v0.0.0-20230415192319-436dfd03bccb h1:2jjEQL+M85u8LMXWAU9WdVamT9qthbPCM5vkpYul9+4=
github.com/incwadi-warehouse/monorepo-go/conf v0.0.0-20230415192319-436dfd03bccb/go.mod h1:z12twvpn9MRxI5vQ9XBCm+X8h4fkFz7w+smd+p1PnYU=
github.com/incwadi-warehouse/monorepo-go/conf v0.0.0-20230416180211-50d2d53675df h1:ymdfSSPoS3leB5WfuqCymAYfLk0EKkgsaH/MMf3sfsM=
github.com/incwadi-warehouse/monorepo-go/conf v0.0.0-20230416180211-50d2d53675df/go.mod h1:z12twvpn9MRxI5vQ9XBCm+X8h4fkFz7w+smd+p1PnYU=
github.com/incwadi-warehouse/monorepo-go/conf v0.0.0-20230418081114-55a782402317 h1:zdCxP1wB1XfufKKPeVkntxuIMozH99MhL45XcdTHJ/M=
github.com/incwadi-warehouse/monorepo-go/conf v0.0.0-20230418081114-55a782402317/go.mod h1:z12twvpn9MRxI5vQ9XBCm+X8h4fkFz7w+smd+p1PnYU=
github.com/incwadi-warehouse/monorepo-go/conf v0.0.0-20230418081225-47b5e6587e8a h1:u8tdJnCfGnWH9zrFKrt2dMsrC3Th2R8I94FP9vk2Rmg=
github.com/incwadi-warehouse/monorepo-go/conf v0.0.0-20230418081225-47b5e6587e8a/go.mod h1:z12twvpn9MRxI5vQ9XBCm+X8h4fkFz7w+smd+p1PnYU=
github.com/incwadi-warehouse/monorepo-go/conf v0.0.0-20230423192631-bda6911e2b68 h1:LNPlag3BPIy2zl8EcPg3gFBrmBKT9j/IGiV8Lm6QR9g=
github.com/incwadi-warehouse/monorepo-go/conf v0.0.0-20230423192631-bda6911e2b68/go.mod h1:z12twvpn9MRxI5vQ9XBCm+X8h4fkFz7w+smd+p1PnYU=
github.com/incwadi-warehouse/monorepo-go/conf v0.0.0-20230423192929-b0dc57dd6c38 h1:xf/+NAZEb0K99/x7TyV9JvYEHYFecKg7LQU4RRawGlY=
github.com/incwadi-warehouse/monorepo-go/conf v0.0.0-20230423192929-b0dc57dd6c38/go.mod h1:z12twvpn9MRxI5vQ9XBCm+X8h4fkFz7w+smd+p1PnYU=
github.com/incwadi-warehouse/monorepo-go/conf v0.0.0-20230428101623-ed16870e6212 h1:LgPdAWHCE0ltOIKoHPHX+PQbx4Y87YmUFo29grkv1bg=
github.com/incwadi-warehouse/monorepo-go/conf v0.0.0-20230428101623-ed16870e6212/go.mod h1:z12twvpn9MRxI5vQ9XBCm+X8h4fkFz7w+smd+p1PnYU=
github.com/incwadi-warehouse/monorepo-go/conf v0.0.0-20230503101159-85311a778639 h1:PadBaHcI+/JULyyK73WZkvNSrrmk3+Yk2ofixBhFUF0=
github.com/incwadi-warehouse/monorepo-go/conf v0.0.0-20230503101159-85311a778639/go.mod h1:z12twvpn9MRxI5vQ9XBCm+X8h4fkFz7w+smd+p1PnYU=
github.com/incwadi-warehouse/monorepo-go/conf v0.0.0-20230505200959-eac2abe737bd h1:388JCXxapaFqiHNkH/Kp7/2JipzhWx4HXYQEcZoYW4c=
github.com/incwadi-warehouse/monorepo-go/conf v0.0.0-20230505200959-eac2abe737bd/go.mod h1:z12twvpn9MRxI5vQ9XBCm+X8h4fkFz7w+smd+p1PnYU=
github.com/incwadi-warehouse/monorepo-go/conf v0.0.0-20230505201113-71b8c33295f1 h1:Ww6tjyMkyt8DBlVDWUF503uY4K2LJLe96Sy5JUgcK84=
github.com/incwadi-warehouse/monorepo-go/conf v0.0.0-20230505201113-71b8c33295f1/go.mod h1:z12twvpn9MRxI5vQ9XBCm+X8h4fkFz7w+smd+p1PnYU=
github.com/incwadi-warehouse/monorepo-go/conf v0.0.0-20230513145115-e81ea617203f h1:Gi7OlMGR0ZKT6i1D5ny/9bLohmdHVEAeGThLmhRF4sk=
github.com/incwadi-warehouse/monorepo-go/conf v0.0.0-20230513145115-e81ea617203f/go.mod h1:z12twvpn9MRxI5vQ9XBCm+X8h4fkFz7w+smd+p1PnYU=
github.com/incwadi-warehouse/monorepo-go/conf v0.0.0-20230518162010-9ce86ac65b8d h1:trZKCurAc9ORdIDGNyCO/hA8zHOUjlQb8LwzIrd62kE=
github.com/incwadi-warehouse/monorepo-go/conf v0.0.0-20230518162010-9ce86ac65b8d/go.mod h1:z12twvpn9MRxI5vQ9XBCm+X8h4fkFz7w+smd+p1PnYU=
github.com/incwadi-warehouse/monorepo-go/conf v0.0.0-20230524142449-bf2afbfa0bd8 h1:XyvIjNBrjHJ7GldeW+pysgU0oRM50/Nuo0cwvQw57Ac=
github.com/incwadi-warehouse/monorepo-go/conf v0.0.0-20230524142449-bf2afbfa0bd8/go.mod h1:z12twvpn9MRxI5vQ9XBCm+X8h4fkFz7w+smd+p1PnYU=
github.com/incwadi-warehouse/monorepo-go/conf v0.0.0-20230526154535-b6a047e4b489 h1:GLh6fTA5FJ5IgRf1B6EfYVM23lNY7oWY8pn+95cHJho=
github.com/incwadi-warehouse/monorepo-go/conf v0.0.0-20230526154535-b6a047e4b489/go.mod h1:z12twvpn9MRxI5vQ9XBCm+X8h4fkFz7w+smd+p1PnYU=
github.com/incwadi-warehouse/monorepo-go/conf v0.0.0-20230528125736-ab81dce19614 h1:ZVZQ2Xq7fO48aeRfFFvzP15QibBmPWUUvvd5GRoT/No=
github.com/incwadi-warehouse/monorepo-go/conf v0.0.0-20230528125736-ab81dce19614/go.mod h1:z12twvpn9MRxI5vQ9XBCm+X8h4fkFz7w+smd+p1PnYU=
github.com/incwadi-warehouse/monorepo-go/conf v0.0.0-20230601094709-914ab1b834c5 h1:hKB1PANQm1PBKrc3wgLIDQBTqa/XXJ7ybERyT7PJZs8=
github.com/incwadi-warehouse/monorepo-go/conf v0.0.0-20230601094709-914ab1b834c5/go.mod h1:z12twvpn9MRxI5vQ9XBCm+X8h4fkFz7w+smd+p1PnYU=
github.com/incwadi-warehouse/monorepo-go/conf v0.0.0-20230601095703-46ce47fd6e07 h1:newkim1ZOwbN6rqR9+Y9R+XTmR25CRksD3JBYak0EP0=
github.com/incwadi-warehouse/monorepo-go/conf v0.0.0-20230601095703-46ce47fd6e07/go.mod h1:z12twvpn9MRxI5vQ9XBCm+X8h4fkFz7w+smd+p1PnYU=
github.com/incwadi-warehouse/monorepo-go/conf v0.0.0-20230601190345-b6ae6faa7369 h1:fFnOwpWRVbB+QKrHaNsMfFP6Jz/M3UsYLMUavdt09+s=
github.com/incwadi-warehouse/monorepo-go/conf v0.0.0-20230601190345-b6ae6faa7369/go.mod h1:z12twvpn9MRxI5vQ9XBCm+X8h4fkFz7w+smd+p1PnYU=
github.com/incwadi-warehouse/monorepo-go/conf v0.0.0-20230601190530-9b900205402d h1:Vy4JGABHijukJBbdsiBdioew3bb912ZLW+k78O+k8w4=
github.com/incwadi-warehouse/monorepo-go/conf v0.0.0-20230601190530-9b900205402d/go.mod h1:z12twvpn9MRxI5vQ9XBCm+X8h4fkFz7w+smd+p1PnYU=
github.com/incwadi-warehouse/monorepo-go/conf v0.0.0-20230602173439-f763420b1e83 h1:Xu4AzT5FcrRVwhL3AqVdyRF2MK7ywQ5nNSnGSsR8dPw=
github.com/incwadi-warehouse/monorepo-go/conf v0.0.0-20230602173439-f763420b1e83/go.mod h1:z12twvpn9MRxI5vQ9XBCm+X8h4fkFz7w+smd+p1PnYU=
github.com/incwadi-warehouse/monorepo-go/conf v0.0.0-20230605173432-8632996dacd9 h1:5mh+OS31eVVZ1doJTzWPsR+8LrnoMvL7pqJmw4pKBXk=
github.com/incwadi-warehouse/monorepo-go/conf v0.0.0-20230605173432-8632996dacd9/go.mod h1:z12twvpn9MRxI5vQ9XBCm+X8h4fkFz7w+smd+p1PnYU=
github.com/incwadi-warehouse/monorepo-go/conf v0.0.0-20230614063953-469ca5759078 h1:grFGPZiSdA7kHM/8veZE0zsxR4wCqap/MnqttlYKUFs=
github.com/incwadi-warehouse/monorepo-go/conf v0.0.0-20230614063953-469ca5759078/go.mod h1:z12twvpn9MRxI5vQ9XBCm+X8h4fkFz7w+smd+p1PnYU=
github.com/incwadi-warehouse/monorepo-go/conf v0.0.0-20230617102636-cf4b19ba3f36 h1:/NX4q6g0t015FZoUtPt6cSQkXnV/kqATiocXtqDacVQ=
github.com/incwadi-warehouse/monorepo-go/conf v0.0.0-20230617102636-cf4b19ba3f36/go.mod h1:z12twvpn9MRxI5vQ9XBCm+X8h4fkFz7w+smd+p1PnYU=
github.com/incwadi-warehouse/monorepo-go/conf v0.0.0-20230617134128-221256dc11db h1:y6kXcuWddpiI1HPWhookRMIW5Hp+3NFwlWYWlMrrpwo=
github.com/incwadi-warehouse/monorepo-go/conf v0.0.0-20230617134128-221256dc11db/go.mod h1:z12twvpn9MRxI5vQ9XBCm+X8h4fkFz7w+smd+p1PnYU=
github.com/incwadi-warehouse/monorepo-go/conf v0.0.0-20230617170836-227d152163c8 h1:wYH/7GkUfISz3/BBD2B9+TIEKYL/4bjDclX6G/1JtTg=
github.com/incwadi-warehouse/monorepo-go/conf v0.0.0-20230617170836-227d152163c8/go.mod h1:z12twvpn9MRxI5vQ9XBCm+X8h4fkFz7w+smd+p1PnYU=
github.com/incwadi-warehouse/monorepo-go/conf v0.0.0-20230622191914-ee65888ab052 h1:ua+KIsv4hIxMLxzgWdm/d5FgiQwTilvfcg2INGJErww=
github.com/incwadi-warehouse/monorepo-go/conf v0.0.0-20230622191914-ee65888ab052/go.mod h1:z12twvpn9MRxI5vQ9XBCm+X8h4fkFz7w+smd+p1PnYU=
github.com/incwadi-warehouse/monorepo-go/conf v0.0.0-20230624182438-cc9b3b0d3620 h1:2AZiq+l3mz+H7rJFR4ZJoGo2aCjouC/81bn2ddE7UO4=
github.com/incwadi-warehouse/monorepo-go/conf v0.0.0-20230624182438-cc9b3b0d3620/go.mod h1:z12twvpn9MRxI5vQ9XBCm+X8h4fkFz7w+smd+p1PnYU=
github.com/incwadi-warehouse/monorepo-go/conf v0.0.0-20230625072310-5bcec0e0f613 h1:MgiBuawpcNX/I7Ldj28Y/3A7CN/H14t812hn5t2Fuv8=
github.com/incwadi-warehouse/monorepo-go/conf v0.0.0-20230625072310-5bcec0e0f613/go.mod h1:z12twvpn9MRxI5vQ9XBCm+X8h4fkFz7w+smd+p1PnYU=
github.com/incwadi-warehouse/monorepo-go/conf v0.0.0-20230625153217-c2962b2890da h1:VR1rk0z7yM00G9eAY4rCnyhFzYTXDixQXgIW+YgVnUA=
github.com/incwadi-warehouse/monorepo-go/conf v0.0.0-20230625153217-c2962b2890da/go.mod h1:z12twvpn9MRxI5vQ9XBCm+X8h4fkFz7w+smd+p1PnYU=
github.com/incwadi-warehouse/monorepo-go/conf v0.0.0-20230625175751-8c2d76459b2c h1:eM/wpTitomUm8pgnKUMKYgdYLQWfyH9dMOHFNhdr/GQ=
github.com/incwadi-warehouse/monorepo-go/conf v0.0.0-20230625175751-8c2d76459b2c/go.mod h1:z12twvpn9MRxI5vQ9XBCm+X8h4fkFz7w+smd+p1PnYU=
github.com/incwadi-warehouse/monorepo-go/conf v0.0.0-20230628091936-af18f3e9b3f8 h1:ZrrC271TKj/rEAGjS6Es57q4vYZXTaqIl+xcaO0FCqI=
github.com/incwadi-warehouse/monorepo-go/conf v0.0.0-20230628091936-af18f3e9b3f8/go.mod h1:z12twvpn9MRxI5vQ9XBCm+X8h4fkFz7w+smd+p1PnYU=
github.com/incwadi-warehouse/monorepo-go/conf v0.0.0-20230708115330-339b449ecf65 h1:DCd4RMPlYlPNKn7V9SDHFddl74QmZataY0JxK+K0PFY=
github.com/incwadi-warehouse/monorepo-go/conf v0.0.0-20230708115330-339b449ecf65/go.mod h1:z12twvpn9MRxI5vQ9XBCm+X8h4fkFz7w+smd+p1PnYU=
github.com/incwadi-warehouse/monorepo-go/conf v0.0.0-20230708115548-0a8ba77f3e9f h1:4sOyEG/+9rxFfThPJOqL9Z5RAfQ5T23GOpPWSJetXd8=
github.com/incwadi-warehouse/monorepo-go/conf v0.0.0-20230708115548-0a8ba77f3e9f/go.mod h1:z12twvpn9MRxI5vQ9XBCm+X8h4fkFz7w+smd+p1PnYU=
github.com/incwadi-warehouse/monorepo-go/conf v0.0.0-20230713093831-eb5accd51e53 h1:erfISjcZsR4RwtrpMmRGPjeC9iiVOt130kdgx/7NklM=
github.com/incwadi-warehouse/monorepo-go/conf v0.0.0-20230713093831-eb5accd51e53/go.mod h1:z12twvpn9MRxI5vQ9XBCm+X8h4fkFz7w+smd+p1PnYU=
github.com/incwadi-warehouse/monorepo-go/conf v0.0.0-20230713145717-7156c5954bdf h1:naXCZK6+6XVS5LKqFwh8TQ6nW255u5RPRSlx9LgrFGw=
github.com/incwadi-warehouse/monorepo-go/conf v0.0.0-20230713145717-7156c5954bdf/go.mod h1:z12twvpn9MRxI5vQ9XBCm+X8h4fkFz7w+smd+p1PnYU=
github.com/incwadi-warehouse/monorepo-go/conf v0.0.0-20230715190325-5172dd709538 h1:UcFoyWCqleF7hb9G1EKaFAZpS0pqp+JpZFCqXb5Bt1Q=
github.com/incwadi-warehouse/monorepo-go/conf v0.0.0-20230715190325-5172dd709538/go.mod h1:z12twvpn9MRxI5vQ9XBCm+X8h4fkFz7w+smd+p1PnYU=
github.com/incwadi-warehouse/monorepo-go/conf v0.0.0-20230716221116-ca65ca23cf32 h1:bCSR+eSZidQCjn4CjhlTUcO45EyyHRYWSMrpzqd8A3Q=
github.com/incwadi-warehouse/monorepo-go/conf v0.0.0-20230716221116-ca65ca23cf32/go.mod h1:z12twvpn9MRxI5vQ9XBCm+X8h4fkFz7w+smd+p1PnYU=
github.com/incwadi-warehouse/monorepo-go/conf v0.0.0-20230719063312-b4f438d2ea61 h1:QVf9ZS2PrnxYLNN5vEWgSCZ9rlDxsQMBAoQDCE76a1Y=
github.com/incwadi-warehouse/monorepo-go/conf v0.0.0-20230719063312-b4f438d2ea61/go.mod h1:z12twvpn9MRxI5vQ9XBCm+X8h4fkFz7w+smd+p1PnYU=
github.com/incwadi-warehouse/monorepo-go/conf v0.0.0-20230723112145-5db047654b5a h1:e19C5ThaStVUqMVhwi7zbFz9qkayqqBgkaw0yPzxKS8=
github.com/incwadi-warehouse/monorepo-go/conf v0.0.0-20230723112145-5db047654b5a/go.mod h1:YaOS32wBuY06iN2StLe830wu5nIuw4l1XMygVkwfk9Y=
github.com/incwadi-warehouse/monorepo-go/conf v0.0.0-20230723112449-02036cf80467 h1:+2/AHX54sRQZ9kem9JuvHe/eQiS076DdRnABv3NneOQ=
github.com/incwadi-warehouse/monorepo-go/conf v0.0.0-20230723112449-02036cf80467/go.mod h1:YaOS32wBuY06iN2StLe830wu5nIuw4l1XMygVkwfk9Y=
github.com/incwadi-warehouse/monorepo-go/conf v0.0.0-20230726192238-c71efd7f76ae h1:mHsG1RWjvJR/UPCs+Suuyj1WdEYSaHGLG//nRNC9XVQ=
github.com/incwadi-warehouse/monorepo-go/conf v0.0.0-20230726192238-c71efd7f76ae/go.mod h1:YaOS32wBuY06iN2StLe830wu5nIuw4l1XMygVkwfk9Y=
github.com/incwadi-warehouse/monorepo-go/conf v0.0.0-20230727204140-e7dad75d3eb0 h1:/rep+w54Pa50eK+NBzjoJdWJgUZwkEXDd2YsE1qW9nk=
github.com/incwadi-warehouse/monorepo-go/conf v0.0.0-20230727204140-e7dad75d3eb0/go.mod h1:YaOS32wBuY06iN2StLe830wu5nIuw4l1XMygVkwfk9Y=
github.com/incwadi-warehouse/monorepo-go/conf v0.0.0-20230802080541-b1d4166d157a h1:r2Kkbt9qy0W6dVdM6WCuHWzsFG1ZxQ+DnrjqOjNhcyM=
github.com/incwadi-warehouse/monorepo-go/conf v0.0.0-20230802080541-b1d4166d157a/go.mod h1:YaOS32wBuY06iN2StLe830wu5nIuw4l1XMygVkwfk9Y=
github.com/incwadi-warehouse/monorepo-go/conf v0.0.0-20230807090751-fcf3e1b675b0 h1:Vr2tobLIzUD67r0i41v5CMuGucAHcjz+zxYYS+pY4ik=
github.com/incwadi-warehouse/monorepo-go/conf v0.0.0-20230807090751-fcf3e1b675b0/go.mod h1:YaOS32wBuY06iN2StLe830wu5nIuw4l1XMygVkwfk9Y=
github.com/incwadi-warehouse/monorepo-go/conf v0.0.0-20230810094841-51d7c6ec6d37 h1:b54oRPElhGzVxltQN+PweBIOxJvP9lTOYKGQzkC7wX0=
github.com/incwadi-warehouse/monorepo-go/conf v0.0.0-20230810094841-51d7c6ec6d37/go.mod h1:YaOS32wBuY06iN2StLe830wu5nIuw4l1XMygVkwfk9Y=
github.com/incwadi-warehouse/monorepo-go/conf v0.0.0-20230810120220-8934f32a3813 h1:pJC6p/UpAF9oXibiZ0dvYZ/vpq2E74G63d1YsqQDk6Q=
github.com/incwadi-warehouse/monorepo-go/conf v0.0.0-20230810120220-8934f32a3813/go.mod h1:apbsDHIWTuysKkibe/6SQXXaTy6pZbBa1vppdkxM2yQ=
github.com/incwadi-warehouse/monorepo-go/conf v0.0.0-20230810214557-b241b0ade6c6 h1:XSbjxg4fY26RHMOSkmDgq6WzTMlZDouKM8TgBKpceu8=
github.com/incwadi-warehouse/monorepo-go/conf v0.0.0-20230810214557-b241b0ade6c6/go.mod h1:apbsDHIWTuysKkibe/6SQXXaTy6pZbBa1vppdkxM2yQ=
github.com/incwadi-warehouse/monorepo-go/conf v0.0.0-20230812162001-a06988a13b42 h1:rXvetVzMjY5IWO76INYbDY4/1/KP17Y8fqFEu1Faemc=
github.com/incwadi-warehouse/monorepo-go/conf v0.0.0-20230812162001-a06988a13b42/go.mod h1:apbsDHIWTuysKkibe/6SQXXaTy6pZbBa1vppdkxM2yQ=
github.com/incwadi-warehouse/monorepo-go/conf v0.0.0-20230812164440-9c97846102b3 h1:tXB/74DhBWGvZA1SqT5W/ef48ITyWMKXFgv8y/1vK6Q=
github.com/incwadi-warehouse/monorepo-go/conf v0.0.0-20230812164440-9c97846102b3/go.mod h1:apbsDHIWTuysKkibe/6SQXXaTy6pZbBa1vppdkxM2yQ=
github.com/incwadi-warehouse/monorepo-go/conf v0.0.0-20230815195729-07fea168d284 h1:1vyuiWHkJLmmKvqCD3XbhZ2v8ei8ycjnIDDbWBMxVi8=
github.com/incwadi-warehouse/monorepo-go/conf v0.0.0-20230815195729-07fea168d284/go.mod h1:apbsDHIWTuysKkibe/6SQXXaTy6pZbBa1vppdkxM2yQ=
github.com/incwadi-warehouse/monorepo-go/conf v0.0.0-20230816083856-9e7e068e8b8a h1:fKv7Gcbw0txqe/g4VUFf8K85sjVPiH2f9o45WNVebY8=
github.com/incwadi-warehouse/monorepo-go/conf v0.0.0-20230816083856-9e7e068e8b8a/go.mod h1:apbsDHIWTuysKkibe/6SQXXaTy6pZbBa1vppdkxM2yQ=
github.com/incwadi-warehouse/monorepo-go/conf v0.0.0-20230822093930-f2b07896b18f h1:vN2NwOIAqNlpSjWjtgXFuyJ/iyBpTfDfMAQDxwyEWJI=
github.com/incwadi-warehouse/monorepo-go/conf v0.0.0-20230822093930-f2b07896b18f/go.mod h1:apbsDHIWTuysKkibe/6SQXXaTy6pZbBa1vppdkxM2yQ=
github.com/incwadi-warehouse/monorepo-go/conf v0.0.0-20230831202116-3dc51294b990 h1:gjTlHnTOK5RP6hlDLTgXakIOZxWNVvWFJovauQwkQ7s=
github.com/incwadi-warehouse/monorepo-go/conf v0.0.0-20230831202116-3dc51294b990/go.mod h1:apbsDHIWTuysKkibe/6SQXXaTy6pZbBa1vppdkxM2yQ=
github.com/incwadi-warehouse/monorepo-go/conf v0.0.0-20230831202330-bfbfb84ef077 h1:4xqTvoij6k14antfZ1CBV0uvIRf1ZDwO0rV9Ne/G4j4=
github.com/incwadi-warehouse/monorepo-go/conf v0.0.0-20230831202330-bfbfb84ef077/go.mod h1:apbsDHIWTuysKkibe/6SQXXaTy6pZbBa1vppdkxM2yQ=
github.com/joho/godotenv v1.5.1 h1:7eLL/+HRGLY0ldzfGMeQkb7vMd0as4CfYvUVzLqw0N0=
github.com/joho/godotenv v1.5.1/go.mod h1:f4LDr5Voq0i2e/R5DDNOoa2zzDfwtkZa6DnEwAbqwq4=
github.com/json-iterator/go v1.1.12 h1:PV8peI4a0ysnczrg+LtxykD8LfKY9ML6u2jnxaEnrnM=
github.com/json-iterator/go v1.1.12/go.mod h1:e30LSqwooZae/UwlEbR2852Gd8hjQvJoHmT4TnhNGBo=
github.com/juju/gnuflag v0.0.0-20171113085948-2ce1bb71843d/go.mod h1:2PavIy+JPciBPrBUjwbNvtwB6RQlve+hkpll6QSNmOE=
github.com/klauspost/cpuid/v2 v2.0.9 h1:lgaqFMSdTdQYdZ04uHyN2d/eKdOMyi2YLSvlQIBFYa4=
github.com/klauspost/cpuid/v2 v2.0.9/go.mod h1:FInQzS24/EEf25PyTYn52gqo7WaD8xa0213Md/qVLRg=
github.com/klauspost/cpuid/v2 v2.2.4 h1:acbojRNwl3o09bUq+yDCtZFc1aiwaAAxtcn8YkZXnvk=
github.com/klauspost/cpuid/v2 v2.2.4/go.mod h1:RVVoqg1df56z8g3pUjL/3lE5UfnlrJX8tyFgg4nqhuY=
github.com/kr/pretty v0.1.0/go.mod h1:dAy3ld7l9f0ibDNOQOHHMYYIIbhfbHSm3C4ZsoJORNo=
github.com/kr/pretty v0.2.1/go.mod h1:ipq/a2n7PKx3OHsz4KJII5eveXtPO4qwEXGdVfWzfnI=
github.com/kr/pretty v0.3.0 h1:WgNl7dwNpEZ6jJ9k1snq4pZsg7DOEN8hP9Xw0Tsjwk0=
github.com/kr/pretty v0.3.0/go.mod h1:640gp4NfQd8pI5XOwp5fnNeVWj67G7CFk/SaSQn7NBk=
github.com/kr/pty v1.1.1/go.mod h1:pFQYn66WHrOpPYNljwOMqo10TkYh1fy3cYio2l3bCsQ=
github.com/kr/text v0.1.0/go.mod h1:4Jbv+DJW3UT/LiOwJeYQe1efqtUx/iVham/4vfdArNI=
github.com/kr/text v0.2.0 h1:5Nx0Ya0ZqY2ygV366QzturHI13Jq95ApcVaJBhpS+AY=
github.com/kr/text v0.2.0/go.mod h1:eLer722TekiGuMkidMxC/pM04lWEeraHUUmBw8l2grE=
github.com/leodido/go-urn v1.2.1/go.mod h1:zt4jvISO2HfUBqxjfIshjdMTYS56ZS/qv49ictyFfxY=
github.com/leodido/go-urn v1.2.2 h1:7z68G0FCGvDk646jz1AelTYNYWrTNm0bEcFAo147wt4=
github.com/leodido/go-urn v1.2.2/go.mod h1:kUaIbLZWttglzwNuG0pgsh5vuV6u2YcGBYz1hIPjtOQ=
github.com/leodido/go-urn v1.2.3 h1:6BE2vPT0lqoz3fmOesHZiaiFh7889ssCo2GMvLCfiuA=
github.com/leodido/go-urn v1.2.3/go.mod h1:7ZrI8mTSeBSHl/UaRyKQW1qZeMgak41ANeCNaVckg+4=
github.com/leodido/go-urn v1.2.4 h1:XlAE/cm/ms7TE/VMVoduSpNBoyc2dOxHs5MZSwAN63Q=
github.com/leodido/go-urn v1.2.4/go.mod h1:7ZrI8mTSeBSHl/UaRyKQW1qZeMgak41ANeCNaVckg+4=
github.com/mattn/go-isatty v0.0.14/go.mod h1:7GGIvUiUoEMVVmxf/4nioHXj79iQHKdU27kJ6hsGG94=
github.com/mattn/go-isatty v0.0.17 h1:BTarxUcIeDqL27Mc+vyvdWYSL28zpIhv3RoTdsLMPng=
github.com/mattn/go-isatty v0.0.17/go.mod h1:kYGgaQfpe5nmfYZH+SKPsOc2e4SrIfOl2e/yFXSvRLM=
github.com/mattn/go-isatty v0.0.19 h1:JITubQf0MOLdlGRuRq+jtsDlekdYPia9ZFsB8h/APPA=
github.com/mattn/go-isatty v0.0.19/go.mod h1:W+V8PltTTMOvKvAeJH7IuucS94S2C6jfK/D7dTCTo3Y=
github.com/modern-go/concurrent v0.0.0-20180228061459-e0a39a4cb421/go.mod h1:6dJC0mAP4ikYIbvyc7fijjWJddQyLn8Ig3JB5CqoB9Q=
github.com/modern-go/concurrent v0.0.0-20180306012644-bacd9c7ef1dd h1:TRLaZ9cD/w8PVh93nsPXa1VrQ6jlwL5oN8l14QlcNfg=
github.com/modern-go/concurrent v0.0.0-20180306012644-bacd9c7ef1dd/go.mod h1:6dJC0mAP4ikYIbvyc7fijjWJddQyLn8Ig3JB5CqoB9Q=
github.com/modern-go/reflect2 v1.0.2 h1:xBagoLtFs94CBntxluKeaWgTMpvLxC4ur3nMaC9Gz0M=
github.com/modern-go/reflect2 v1.0.2/go.mod h1:yWuevngMOJpCy52FWWMvUC8ws7m/LJsjYzDa0/r8luk=
github.com/pelletier/go-toml/v2 v2.0.1/go.mod h1:r9LEWfGN8R5k0VXJ+0BkIe7MYkRdwZOjgMj2KwnJFUo=
github.com/pelletier/go-toml/v2 v2.0.6 h1:nrzqCb7j9cDFj2coyLNLaZuJTLjWjlaz6nvTvIwycIU=
github.com/pelletier/go-toml/v2 v2.0.6/go.mod h1:eumQOmlWiOPt5WriQQqoM5y18pDHwha2N+QD+EUNTek=
github.com/pelletier/go-toml/v2 v2.0.8 h1:0ctb6s9mE31h0/lhu+J6OPmVeDxJn+kYnJc2jZR9tGQ=
github.com/pelletier/go-toml/v2 v2.0.8/go.mod h1:vuYfssBdrU2XDZ9bYydBu6t+6a6PYNcZljzZR9VXg+4=
github.com/pkg/diff v0.0.0-20210226163009-20ebb0f2a09e/go.mod h1:pJLUxLENpZxwdsKMEsNbx1VGcRFpLqf3715MtcvvzbA=
github.com/pmezard/go-difflib v1.0.0 h1:4DBwDE0NGyQoBHbLQYPwSUPoCMWR5BEzIk/f1lZbAQM=
github.com/pmezard/go-difflib v1.0.0/go.mod h1:iKH77koFhYxTK1pcRnkKkqfTogsbg7gZNVY4sRDYZ/4=
github.com/rogpeppe/go-internal v1.6.1/go.mod h1:xXDCJY+GAPziupqXw64V24skbSoqbTEfhy4qGm1nDQc=
github.com/rogpeppe/go-internal v1.8.0 h1:FCbCCtXNOY3UtUuHUYaghJg4y7Fd14rXifAYUAtL9R8=
github.com/rogpeppe/go-internal v1.8.0/go.mod h1:WmiCO8CzOY8rg0OYDC4/i/2WRWAB6poM+XZ2dLUbcbE=
github.com/rwtodd/Go.Sed v0.0.0-20210816025313-55464686f9ef/go.mod h1:8AEUvGVi2uQ5b24BIhcr0GCcpd/RNAFWaN2CJFrWIIQ=
github.com/santhosh-tekuri/jsonschema/v5 v5.2.0 h1:WCcC4vZDS1tYNxjWlwRJZQy28r8CMoggKnxNzxsVDMQ=
github.com/santhosh-tekuri/jsonschema/v5 v5.2.0/go.mod h1:FKdcjfQW6rpZSnxxUvEA5H/cDPdvJ/SZJQLWWXWGrZ0=
github.com/santhosh-tekuri/jsonschema/v5 v5.3.0 h1:uIkTLo0AGRc8l7h5l9r+GcYi9qfVPt6lD4/bhmzfiKo=
github.com/santhosh-tekuri/jsonschema/v5 v5.3.0/go.mod h1:FKdcjfQW6rpZSnxxUvEA5H/cDPdvJ/SZJQLWWXWGrZ0=
github.com/santhosh-tekuri/jsonschema/v5 v5.3.1 h1:lZUw3E0/J3roVtGQ+SCrUrg3ON6NgVqpn3+iol9aGu4=
github.com/santhosh-tekuri/jsonschema/v5 v5.3.1/go.mod h1:uToXkOrWAZ6/Oc07xWQrPOhJotwFIyu2bBVN41fcDUY=
github.com/spkg/bom v0.0.0-20160624110644-59b7046e48ad/go.mod h1:qLr4V1qq6nMqFKkMo8ZTx3f+BZEkzsRUY10Xsm2mwU0=
github.com/stretchr/objx v0.1.0/go.mod h1:HFkY916IF+rwdDfMAkV7OtwuqBVzrE8GR6GFx+wExME=
github.com/stretchr/objx v0.4.0/go.mod h1:YvHI0jy2hoMjB+UWwv71VJQ9isScKT/TqJzVSSt89Yw=
github.com/stretchr/objx v0.5.0/go.mod h1:Yh+to48EsGEfYuaHDzXPcE3xhTkx73EhmCGUpEOglKo=
github.com/stretchr/testify v1.3.0/go.mod h1:M5WIy9Dh21IEIfnGCwXGc5bZfKNJtfHm1UVUgZn+9EI=
github.com/stretchr/testify v1.6.1/go.mod h1:6Fq8oRcR53rry900zMqJjRRixrwX3KX962/h/Wwjteg=
github.com/stretchr/testify v1.7.0/go.mod h1:6Fq8oRcR53rry900zMqJjRRixrwX3KX962/h/Wwjteg=
github.com/stretchr/testify v1.7.1/go.mod h1:6Fq8oRcR53rry900zMqJjRRixrwX3KX962/h/Wwjteg=
github.com/stretchr/testify v1.8.0/go.mod h1:yNjHg4UonilssWZ8iaSj1OCr/vHnekPRkoO+kdMU+MU=
github.com/stretchr/testify v1.8.1/go.mod h1:w2LPCIKwWwSfY2zedu0+kehJoqGctiVI29o6fzry7u4=
github.com/stretchr/testify v1.8.2 h1:+h33VjcLVPDHtOdpUCuF+7gSuG3yGIftsP1YvFihtJ8=
github.com/stretchr/testify v1.8.2/go.mod h1:w2LPCIKwWwSfY2zedu0+kehJoqGctiVI29o6fzry7u4=
github.com/stretchr/testify v1.8.3/go.mod h1:sz/lmYIOXD/1dqDmKjjqLyZ2RngseejIcXlSw2iwfAo=
github.com/twitchyliquid64/golang-asm v0.15.1 h1:SU5vSMR7hnwNxj24w34ZyCi/FmDZTkS4MhqMhdFk5YI=
github.com/twitchyliquid64/golang-asm v0.15.1/go.mod h1:a1lVb/DtPvCB8fslRZhAngC2+aY1QWCk3Cedj/Gdt08=
github.com/ugorji/go v1.2.7/go.mod h1:nF9osbDWLy6bDVv/Rtoh6QgnvNDpmCalQV5urGCCS6M=
github.com/ugorji/go/codec v1.2.7/go.mod h1:WGN1fab3R1fzQlVQTkfxVtIBhWDRqOviHU95kRgeqEY=
github.com/ugorji/go/codec v1.2.9 h1:rmenucSohSTiyL09Y+l2OCk+FrMxGMzho2+tjr5ticU=
github.com/ugorji/go/codec v1.2.9/go.mod h1:UNopzCgEMSXjBc6AOMqYvWC1ktqTAfzJZUZgYf6w6lg=
github.com/ugorji/go/codec v1.2.11 h1:BMaWp1Bb6fHwEtbplGBGJ498wD+LKlNSl25MjdZY4dU=
github.com/ugorji/go/codec v1.2.11/go.mod h1:UNopzCgEMSXjBc6AOMqYvWC1ktqTAfzJZUZgYf6w6lg=
golang.org/x/arch v0.0.0-20210923205945-b76863e36670 h1:18EFjUmQOcUvxNYSkA6jO9VAiXCnxFY6NyDX0bHDmkU=
golang.org/x/arch v0.0.0-20210923205945-b76863e36670/go.mod h1:5om86z9Hs0C8fWVUuoMHwpExlXzs5Tkyp9hOrfG7pp8=
golang.org/x/arch v0.3.0 h1:02VY4/ZcO/gBOH6PUaoiptASxtXU10jazRCP865E97k=
golang.org/x/arch v0.3.0/go.mod h1:5om86z9Hs0C8fWVUuoMHwpExlXzs5Tkyp9hOrfG7pp8=
golang.org/x/crypto v0.0.0-20210711020723-a769d52b0f97/go.mod h1:GvvjBRRGRdwPK5ydBHafDWAxML/pGHZbMvKqRZ5+Abc=
golang.org/x/crypto v0.7.0 h1:AvwMYaRytfdeVt3u6mLaxYtErKYjxA2OXjJ1HHq6t3A=
golang.org/x/crypto v0.7.0/go.mod h1:pYwdfH91IfpZVANVyUOhSIPZaFoJGxTFbZhFTx+dXZU=
golang.org/x/crypto v0.9.0 h1:LF6fAI+IutBocDJ2OT0Q1g8plpYljMZ4+lty+dsqw3g=
golang.org/x/crypto v0.9.0/go.mod h1:yrmDGqONDYtNj3tH8X9dzUun2m2lzPa9ngI6/RUPGR0=
golang.org/x/net v0.0.0-20210226172049-e18ecbb05110/go.mod h1:m0MpNAwzfU5UDzcl9v0D8zg8gWTRqZa9RBIspLL5mdg=
golang.org/x/net v0.8.0 h1:Zrh2ngAOFYneWTAIAPethzeaQLuHwhuBkuV6ZiRnUaQ=
golang.org/x/net v0.8.0/go.mod h1:QVkue5JL9kW//ek3r6jTKnTFis1tRmNAW2P1shuFdJc=
golang.org/x/net v0.10.0 h1:X2//UzNDwYmtCLn7To6G58Wr6f5ahEAQgKNzv9Y951M=
golang.org/x/net v0.10.0/go.mod h1:0qNGK6F8kojg2nk9dLZ2mShWaEBan6FAoqfSigmmuDg=
golang.org/x/sys v0.0.0-20201119102817-f84b799fce68/go.mod h1:h1NjWce9XRLGQEsW7wpKNCjG9DtNlClVuFLEZdDNbEs=
golang.org/x/sys v0.0.0-20210615035016-665e8c7367d1/go.mod h1:oPkhp1MJrh7nUepCBck5+mAzfO9JrbApNNgaTdGDITg=
golang.org/x/sys v0.0.0-20210630005230-0f9fa26af87c/go.mod h1:oPkhp1MJrh7nUepCBck5+mAzfO9JrbApNNgaTdGDITg=
golang.org/x/sys v0.0.0-20210806184541-e5e7981a1069/go.mod h1:oPkhp1MJrh7nUepCBck5+mAzfO9JrbApNNgaTdGDITg=
golang.org/x/sys v0.0.0-20220704084225-05e143d24a9e/go.mod h1:oPkhp1MJrh7nUepCBck5+mAzfO9JrbApNNgaTdGDITg=
golang.org/x/sys v0.0.0-20220811171246-fbc7d0a398ab/go.mod h1:oPkhp1MJrh7nUepCBck5+mAzfO9JrbApNNgaTdGDITg=
golang.org/x/sys v0.6.0/go.mod h1:oPkhp1MJrh7nUepCBck5+mAzfO9JrbApNNgaTdGDITg=
golang.org/x/sys v0.7.0 h1:3jlCCIQZPdOYu1h8BkNvLz8Kgwtae2cagcG/VamtZRU=
golang.org/x/sys v0.7.0/go.mod h1:oPkhp1MJrh7nUepCBck5+mAzfO9JrbApNNgaTdGDITg=
golang.org/x/sys v0.8.0 h1:EBmGv8NaZBZTWvrbjNoL6HVt+IVy3QDQpJs7VRIw3tU=
golang.org/x/sys v0.8.0/go.mod h1:oPkhp1MJrh7nUepCBck5+mAzfO9JrbApNNgaTdGDITg=
golang.org/x/sys v0.9.0 h1:KS/R3tvhPqvJvwcKfnBHJwwthS11LRhmM5D59eEXa0s=
golang.org/x/sys v0.9.0/go.mod h1:oPkhp1MJrh7nUepCBck5+mAzfO9JrbApNNgaTdGDITg=
golang.org/x/sys v0.10.0 h1:SqMFp9UcQJZa+pmYuAKjd9xq1f0j5rLcDIk0mj4qAsA=
golang.org/x/sys v0.10.0/go.mod h1:oPkhp1MJrh7nUepCBck5+mAzfO9JrbApNNgaTdGDITg=
golang.org/x/sys v0.11.0 h1:eG7RXZHdqOJ1i+0lgLgCpSXAp6M3LYlAo6osgSi0xOM=
golang.org/x/sys v0.11.0/go.mod h1:oPkhp1MJrh7nUepCBck5+mAzfO9JrbApNNgaTdGDITg=
golang.org/x/sys v0.12.0 h1:CM0HF96J0hcLAwsHPJZjfdNzs0gftsLfgKt57wWHJ0o=
golang.org/x/sys v0.12.0/go.mod h1:oPkhp1MJrh7nUepCBck5+mAzfO9JrbApNNgaTdGDITg=
golang.org/x/term v0.0.0-20201126162022-7de9c90e9dd1/go.mod h1:bj7SfCRtBDWHUb9snDiAeCFNEtKQo2Wmx5Cou7ajbmo=
golang.org/x/text v0.3.3/go.mod h1:5Zoc/QRtKVWzQhOtBMvqHzDpF6irO9z98xDceosuGiQ=
golang.org/x/text v0.3.6/go.mod h1:5Zoc/QRtKVWzQhOtBMvqHzDpF6irO9z98xDceosuGiQ=
golang.org/x/text v0.8.0 h1:57P1ETyNKtuIjB4SRd15iJxuhj8Gc416Y78H3qgMh68=
golang.org/x/text v0.8.0/go.mod h1:e1OnstbJyHTd6l/uOt8jFFHp6TRDWZR/bV3emEE/zU8=
golang.org/x/text v0.9.0 h1:2sjJmO8cDvYveuX97RDLsxlyUxLl+GHoLxBiRdHllBE=
golang.org/x/text v0.9.0/go.mod h1:e1OnstbJyHTd6l/uOt8jFFHp6TRDWZR/bV3emEE/zU8=
golang.org/x/tools v0.0.0-20180917221912-90fa682c2a6e/go.mod h1:n7NCudcB/nEzxVGmLbDWY5pfWTLqBcC2KZ6jyYvM4mQ=
golang.org/x/xerrors v0.0.0-20191204190536-9bdfabe68543/go.mod h1:I/5z698sn9Ka8TeJc9MKroUUfqBBauWjQqLJ2OPfmY0=
google.golang.org/protobuf v1.26.0-rc.1/go.mod h1:jlhhOSvTdKEhbULTjvd4ARK9grFBp09yW+WbY/TyQbw=
google.golang.org/protobuf v1.28.0/go.mod h1:HV8QOd/L58Z+nl8r43ehVNZIU/HEI6OcFqwMG9pJV4I=
google.golang.org/protobuf v1.28.1 h1:d0NfwRgPtno5B1Wa6L2DAG+KivqkdutMf1UhdNx175w=
google.golang.org/protobuf v1.28.1/go.mod h1:HV8QOd/L58Z+nl8r43ehVNZIU/HEI6OcFqwMG9pJV4I=
google.golang.org/protobuf v1.30.0 h1:kPPoIgf3TsEvrm0PFe15JQ+570QVxYzEvvHqChK+cng=
google.golang.org/protobuf v1.30.0/go.mod h1:HV8QOd/L58Z+nl8r43ehVNZIU/HEI6OcFqwMG9pJV4I=
gopkg.in/check.v1 v0.0.0-20161208181325-20d25e280405/go.mod h1:Co6ibVJAznAaIkqp8huTwlJQCZ016jof/cbN4VW5Yz0=
gopkg.in/check.v1 v1.0.0-20180628173108-788fd7840127/go.mod h1:Co6ibVJAznAaIkqp8huTwlJQCZ016jof/cbN4VW5Yz0=
gopkg.in/check.v1 v1.0.0-20201130134442-10cb98267c6c h1:Hei/4ADfdWqJk1ZMxUNpqntNwaWcugrBjAiHlqqRiVk=
gopkg.in/check.v1 v1.0.0-20201130134442-10cb98267c6c/go.mod h1:JHkPIbrfpd72SG/EVd6muEfDQjcINNoR0C8j2r3qZ4Q=
gopkg.in/errgo.v2 v2.1.0/go.mod h1:hNsd1EY+bozCKY1Ytp96fpM3vjJbqLJn88ws8XvfDNI=
gopkg.in/yaml.v2 v2.4.0/go.mod h1:RDklbk79AGWmwhnvt/jBztapEOGDOx6ZbXqjP6csGnQ=
gopkg.in/yaml.v3 v3.0.0-20200313102051-9f266ea9e77c/go.mod h1:K4uyk7z7BCEPqu6E+C64Yfv1cQ7kz7rIZviUmN+EgEM=
gopkg.in/yaml.v3 v3.0.0-20210107192922-496545a6307b/go.mod h1:K4uyk7z7BCEPqu6E+C64Yfv1cQ7kz7rIZviUmN+EgEM=
gopkg.in/yaml.v3 v3.0.1 h1:fxVm/GzAzEWqLHuvctI91KS9hhNmmWOoWu0XTYJS7CA=
gopkg.in/yaml.v3 v3.0.1/go.mod h1:K4uyk7z7BCEPqu6E+C64Yfv1cQ7kz7rIZviUmN+EgEM=
rsc.io/pdf v0.1.1/go.mod h1:n8OzWcQ6Sp37PL01nO98y4iUCRdTGarVfzxY20ICaU4=
